
Microsoft Visual Studio Solution File, Format Version 12.00
# Visual Studio 14
VisualStudioVersion = 14.0.25420.1
MinimumVisualStudioVersion = 10.0.40219.1
Project("{FAE04EC0-301F-11D3-BF4B-00C04F79EFBC}") = "F-Market", "F-Market\F-Market.csproj", "{5C120813-73F4-4276-8703-902DBFE4BD55}"
EndProject
Project("{FAE04EC0-301F-11D3-BF4B-00C04F79EFBC}") = "F-Market.Tests", "F-Market.Tests\F-Market.Tests.csproj", "{09178224-E98C-40C5-9F4B-F0441B4E2452}"
EndProject
Global
	GlobalSection(SolutionConfigurationPlatforms) = preSolution
		Debug|Any CPU = Debug|Any CPU
		Release|Any CPU = Release|Any CPU
	EndGlobalSection
	GlobalSection(ProjectConfigurationPlatforms) = postSolution
		{5C120813-73F4-4276-8703-902DBFE4BD55}.Debug|Any CPU.ActiveCfg = Debug|Any CPU
		{5C120813-73F4-4276-8703-902DBFE4BD55}.Debug|Any CPU.Build.0 = Debug|Any CPU
		{5C120813-73F4-4276-8703-902DBFE4BD55}.Release|Any CPU.ActiveCfg = Release|Any CPU
		{5C120813-73F4-4276-8703-902DBFE4BD55}.Release|Any CPU.Build.0 = Release|Any CPU
		{09178224-E98C-40C5-9F4B-F0441B4E2452}.Debug|Any CPU.ActiveCfg = Debug|Any CPU
		{09178224-E98C-40C5-9F4B-F0441B4E2452}.Debug|Any CPU.Build.0 = Debug|Any CPU
		{09178224-E98C-40C5-9F4B-F0441B4E2452}.Release|Any CPU.ActiveCfg = Release|Any CPU
		{09178224-E98C-40C5-9F4B-F0441B4E2452}.Release|Any CPU.Build.0 = Release|Any CPU
	EndGlobalSection
	GlobalSection(SolutionProperties) = preSolution
		HideSolutionNode = FALSE
	EndGlobalSection
EndGlobal
